// !$*UTF8*$!
{
	archiveVersion = 1;
	classes = {
	};
	objectVersion = 46;
	objects = {

/* Begin PBXBuildFile section */
		D12F72ED1EB7A41700FAD2CD /* LoginView.xib in Resources */ = {isa = PBXBuildFile; fileRef = D12F72EC1EB7A41700FAD2CD /* LoginView.xib */; };
		D12F72EF1EB7A6BB00FAD2CD /* LoginView.swift in Sources */ = {isa = PBXBuildFile; fileRef = D12F72EE1EB7A6BB00FAD2CD /* LoginView.swift */; };
		D1C55F8D1EB111A2004E877E /* AppDelegate.swift in Sources */ = {isa = PBXBuildFile; fileRef = D1C55F8C1EB111A2004E877E /* AppDelegate.swift */; };
		D1C55F921EB111A2004E877E /* Main.storyboard in Resources */ = {isa = PBXBuildFile; fileRef = D1C55F901EB111A2004E877E /* Main.storyboard */; };
		D1C55F951EB111A2004E877E /* ProjectFitry.xcdatamodeld in Sources */ = {isa = PBXBuildFile; fileRef = D1C55F931EB111A2004E877E /* ProjectFitry.xcdatamodeld */; };
		D1C55F971EB111A2004E877E /* Assets.xcassets in Resources */ = {isa = PBXBuildFile; fileRef = D1C55F961EB111A2004E877E /* Assets.xcassets */; };
		D1C55F9A1EB111A2004E877E /* LaunchScreen.storyboard in Resources */ = {isa = PBXBuildFile; fileRef = D1C55F981EB111A2004E877E /* LaunchScreen.storyboard */; };
		D1C55FA51EB111A3004E877E /* ProjectFitryTests.swift in Sources */ = {isa = PBXBuildFile; fileRef = D1C55FA41EB111A3004E877E /* ProjectFitryTests.swift */; };
		D1C55FB21EB11D2D004E877E /* CoreDataStack.swift in Sources */ = {isa = PBXBuildFile; fileRef = D1C55FB11EB11D2D004E877E /* CoreDataStack.swift */; };
		D1EE940E1EB646E600FD6F05 /* LoginController.swift in Sources */ = {isa = PBXBuildFile; fileRef = D1EE940D1EB646E600FD6F05 /* LoginController.swift */; };
		D1EE94101EB6478800FD6F05 /* AcfitLibrary.swift in Sources */ = {isa = PBXBuildFile; fileRef = D1EE940F1EB6478800FD6F05 /* AcfitLibrary.swift */; };
/* End PBXBuildFile section */

/* Begin PBXContainerItemProxy section */
		D1C55FA11EB111A3004E877E /* PBXContainerItemProxy */ = {
			isa = PBXContainerItemProxy;
			containerPortal = D1C55F811EB111A2004E877E /* Project object */;
			proxyType = 1;
			remoteGlobalIDString = D1C55F881EB111A2004E877E;
			remoteInfo = ProjectFitry;
		};
/* End PBXContainerItemProxy section */

/* Begin PBXFileReference section */
		D12F72EC1EB7A41700FAD2CD /* LoginView.xib */ = {isa = PBXFileReference; fileEncoding = 4; lastKnownFileType = file.xib; name = LoginView.xib; path = Views/LoginView.xib; sourceTree = "<group>"; };
		D12F72EE1EB7A6BB00FAD2CD /* LoginView.swift */ = {isa = PBXFileReference; fileEncoding = 4; lastKnownFileType = sourcecode.swift; name = LoginView.swift; path = ViewControllers/LoginView.swift; sourceTree = "<group>"; };
		D1C55F891EB111A2004E877E /* ProjectFitry.app */ = {isa = PBXFileReference; explicitFileType = wrapper.application; includeInIndex = 0; path = ProjectFitry.app; sourceTree = BUILT_PRODUCTS_DIR; };
		D1C55F8C1EB111A2004E877E /* AppDelegate.swift */ = {isa = PBXFileReference; lastKnownFileType = sourcecode.swift; path = AppDelegate.swift; sourceTree = "<group>"; };
		D1C55F911EB111A2004E877E /* Base */ = {isa = PBXFileReference; lastKnownFileType = file.storyboard; name = Base; path = Base.lproj/Main.storyboard; sourceTree = "<group>"; };
		D1C55F941EB111A2004E877E /* ProjectFitry.xcdatamodel */ = {isa = PBXFileReference; lastKnownFileType = wrapper.xcdatamodel; path = ProjectFitry.xcdatamodel; sourceTree = "<group>"; };
		D1C55F961EB111A2004E877E /* Assets.xcassets */ = {isa = PBXFileReference; lastKnownFileType = folder.assetcatalog; path = Assets.xcassets; sourceTree = "<group>"; };
		D1C55F991EB111A2004E877E /* Base */ = {isa = PBXFileReference; lastKnownFileType = file.storyboard; name = Base; path = Base.lproj/LaunchScreen.storyboard; sourceTree = "<group>"; };
		D1C55F9B1EB111A2004E877E /* Info.plist */ = {isa = PBXFileReference; lastKnownFileType = text.plist.xml; path = Info.plist; sourceTree = "<group>"; };
		D1C55FA01EB111A3004E877E /* ProjectFitryTests.xctest */ = {isa = PBXFileReference; explicitFileType = wrapper.cfbundle; includeInIndex = 0; path = ProjectFitryTests.xctest; sourceTree = BUILT_PRODUCTS_DIR; };
		D1C55FA41EB111A3004E877E /* ProjectFitryTests.swift */ = {isa = PBXFileReference; lastKnownFileType = sourcecode.swift; path = ProjectFitryTests.swift; sourceTree = "<group>"; };
		D1C55FA61EB111A3004E877E /* Info.plist */ = {isa = PBXFileReference; lastKnownFileType = text.plist.xml; path = Info.plist; sourceTree = "<group>"; };
		D1C55FB11EB11D2D004E877E /* CoreDataStack.swift */ = {isa = PBXFileReference; fileEncoding = 4; lastKnownFileType = sourcecode.swift; name = CoreDataStack.swift; path = ProjectFitry/DataModel/CoreDataStack.swift; sourceTree = "<group>"; };
		D1EE940D1EB646E600FD6F05 /* LoginController.swift */ = {isa = PBXFileReference; fileEncoding = 4; lastKnownFileType = sourcecode.swift; name = LoginController.swift; path = ViewControllers/LoginController.swift; sourceTree = "<group>"; };
		D1EE940F1EB6478800FD6F05 /* AcfitLibrary.swift */ = {isa = PBXFileReference; fileEncoding = 4; lastKnownFileType = sourcecode.swift; path = AcfitLibrary.swift; sourceTree = "<group>"; };
/* End PBXFileReference section */

/* Begin PBXFrameworksBuildPhase section */
		D1C55F861EB111A2004E877E /* Frameworks */ = {
			isa = PBXFrameworksBuildPhase;
			buildActionMask = 2147483647;
			files = (
			);
			runOnlyForDeploymentPostprocessing = 0;
		};
		D1C55F9D1EB111A3004E877E /* Frameworks */ = {
			isa = PBXFrameworksBuildPhase;
			buildActionMask = 2147483647;
			files = (
			);
			runOnlyForDeploymentPostprocessing = 0;
		};
/* End PBXFrameworksBuildPhase section */

/* Begin PBXGroup section */
		D1C55F801EB111A2004E877E = {
			isa = PBXGroup;
			children = (
				D1EE940C1EB646C600FD6F05 /* ViewControllers */,
				D1C55FB01EB111D5004E877E /* Views */,
				D1C55FAF1EB111B3004E877E /* DataModel */,
				D1C55F8B1EB111A2004E877E /* ProjectFitry */,
				D1C55FA31EB111A3004E877E /* ProjectFitryTests */,
				D1C55F8A1EB111A2004E877E /* Products */,
			);
			sourceTree = "<group>";
		};
		D1C55F8A1EB111A2004E877E /* Products */ = {
			isa = PBXGroup;
			children = (
				D1C55F891EB111A2004E877E /* ProjectFitry.app */,
				D1C55FA01EB111A3004E877E /* ProjectFitryTests.xctest */,
			);
			name = Products;
			sourceTree = "<group>";
		};
		D1C55F8B1EB111A2004E877E /* ProjectFitry */ = {
			isa = PBXGroup;
			children = (
				D1EE940F1EB6478800FD6F05 /* AcfitLibrary.swift */,
				D1C55F8C1EB111A2004E877E /* AppDelegate.swift */,
				D1C55F961EB111A2004E877E /* Assets.xcassets */,
				D1C55F9B1EB111A2004E877E /* Info.plist */,
			);
			path = ProjectFitry;
			sourceTree = "<group>";
		};
		D1C55FA31EB111A3004E877E /* ProjectFitryTests */ = {
			isa = PBXGroup;
			children = (
				D1C55FA41EB111A3004E877E /* ProjectFitryTests.swift */,
				D1C55FA61EB111A3004E877E /* Info.plist */,
			);
			path = ProjectFitryTests;
			sourceTree = "<group>";
		};
		D1C55FAF1EB111B3004E877E /* DataModel */ = {
			isa = PBXGroup;
			children = (
				D1C55F931EB111A2004E877E /* ProjectFitry.xcdatamodeld */,
				D1C55FB11EB11D2D004E877E /* CoreDataStack.swift */,
			);
			name = DataModel;
			sourceTree = "<group>";
		};
		D1C55FB01EB111D5004E877E /* Views */ = {
			isa = PBXGroup;
			children = (
				D1C55F981EB111A2004E877E /* LaunchScreen.storyboard */,
				D1C55F901EB111A2004E877E /* Main.storyboard */,
				D12F72EC1EB7A41700FAD2CD /* LoginView.xib */,
			);
			name = Views;
			sourceTree = "<group>";
		};
		D1EE940C1EB646C600FD6F05 /* ViewControllers */ = {
			isa = PBXGroup;
			children = (
				D1EE940D1EB646E600FD6F05 /* LoginController.swift */,
				D12F72EE1EB7A6BB00FAD2CD /* LoginView.swift */,
			);
			name = ViewControllers;
			sourceTree = "<group>";
		};
/* End PBXGroup section */

/* Begin PBXNativeTarget section */
		D1C55F881EB111A2004E877E /* ProjectFitry */ = {
			isa = PBXNativeTarget;
			buildConfigurationList = D1C55FA91EB111A3004E877E /* Build configuration list for PBXNativeTarget "ProjectFitry" */;
			buildPhases = (
				D1C55F851EB111A2004E877E /* Sources */,
				D1C55F861EB111A2004E877E /* Frameworks */,
				D1C55F871EB111A2004E877E /* Resources */,
			);
			buildRules = (
			);
			dependencies = (
			);
			name = ProjectFitry;
			productName = ProjectFitry;
			productReference = D1C55F891EB111A2004E877E /* ProjectFitry.app */;
			productType = "com.apple.product-type.application";
		};
		D1C55F9F1EB111A3004E877E /* ProjectFitryTests */ = {
			isa = PBXNativeTarget;
			buildConfigurationList = D1C55FAC1EB111A3004E877E /* Build configuration list for PBXNativeTarget "ProjectFitryTests" */;
			buildPhases = (
				D1C55F9C1EB111A3004E877E /* Sources */,
				D1C55F9D1EB111A3004E877E /* Frameworks */,
				D1C55F9E1EB111A3004E877E /* Resources */,
			);
			buildRules = (
			);
			dependencies = (
				D1C55FA21EB111A3004E877E /* PBXTargetDependency */,
			);
			name = ProjectFitryTests;
			productName = ProjectFitryTests;
			productReference = D1C55FA01EB111A3004E877E /* ProjectFitryTests.xctest */;
			productType = "com.apple.product-type.bundle.unit-test";
		};
/* End PBXNativeTarget section */

/* Begin PBXProject section */
		D1C55F811EB111A2004E877E /* Project object */ = {
			isa = PBXProject;
			attributes = {
				LastSwiftUpdateCheck = 0830;
				LastUpgradeCheck = 0830;
				ORGANIZATIONNAME = "Anar Baghirov";
				TargetAttributes = {
					D1C55F881EB111A2004E877E = {
						CreatedOnToolsVersion = 8.3.2;
						DevelopmentTeam = PF4WART96K;
						ProvisioningStyle = Automatic;
					};
					D1C55F9F1EB111A3004E877E = {
						CreatedOnToolsVersion = 8.3.2;
						DevelopmentTeam = PF4WART96K;
						ProvisioningStyle = Automatic;
						TestTargetID = D1C55F881EB111A2004E877E;
					};
				};
			};
			buildConfigurationList = D1C55F841EB111A2004E877E /* Build configuration list for PBXProject "ProjectFitry" */;
			compatibilityVersion = "Xcode 3.2";
			developmentRegion = English;
			hasScannedForEncodings = 0;
			knownRegions = (
				en,
				Base,
			);
			mainGroup = D1C55F801EB111A2004E877E;
			productRefGroup = D1C55F8A1EB111A2004E877E /* Products */;
			projectDirPath = "";
			projectRoot = "";
			targets = (
				D1C55F881EB111A2004E877E /* ProjectFitry */,
				D1C55F9F1EB111A3004E877E /* ProjectFitryTests */,
			);
		};
/* End PBXProject section */

/* Begin PBXResourcesBuildPhase section */
		D1C55F871EB111A2004E877E /* Resources */ = {
			isa = PBXResourcesBuildPhase;
			buildActionMask = 2147483647;
			files = (
				D1C55F9A1EB111A2004E877E /* LaunchScreen.storyboard in Resources */,
				D1C55F971EB111A2004E877E /* Assets.xcassets in Resources */,
				D12F72ED1EB7A41700FAD2CD /* LoginView.xib in Resources */,
				D1C55F921EB111A2004E877E /* Main.storyboard in Resources */,
			);
			runOnlyForDeploymentPostprocessing = 0;
		};
		D1C55F9E1EB111A3004E877E /* Resources */ = {
			isa = PBXResourcesBuildPhase;
			buildActionMask = 2147483647;
			files = (
			);
			runOnlyForDeploymentPostprocessing = 0;
		};
/* End PBXResourcesBuildPhase section */

/* Begin PBXSourcesBuildPhase section */
		D1C55F851EB111A2004E877E /* Sources */ = {
			isa = PBXSourcesBuildPhase;
			buildActionMask = 2147483647;
			files = (
				D12F72EF1EB7A6BB00FAD2CD /* LoginView.swift in Sources */,
				D1C55F951EB111A2004E877E /* ProjectFitry.xcdatamodeld in Sources */,
				D1EE940E1EB646E600FD6F05 /* LoginController.swift in Sources */,
				D1C55F8D1EB111A2004E877E /* AppDelegate.swift in Sources */,
				D1EE94101EB6478800FD6F05 /* AcfitLibrary.swift in Sources */,
				D1C55FB21EB11D2D004E877E /* CoreDataStack.swift in Sources */,
			);
			runOnlyForDeploymentPostprocessing = 0;
		};
		D1C55F9C1EB111A3004E877E /* Sources */ = {
			isa = PBXSourcesBuildPhase;
			buildActionMask = 2147483647;
			files = (
				D1C55FA51EB111A3004E877E /* ProjectFitryTests.swift in Sources */,
			);
			runOnlyForDeploymentPostprocessing = 0;
		};
/* End PBXSourcesBuildPhase section */

/* Begin PBXTargetDependency section */
		D1C55FA21EB111A3004E877E /* PBXTargetDependency */ = {
			isa = PBXTargetDependency;
			target = D1C55F881EB111A2004E877E /* ProjectFitry */;
			targetProxy = D1C55FA11EB111A3004E877E /* PBXContainerItemProxy */;
		};
/* End PBXTargetDependency section */

/* Begin PBXVariantGroup section */
		D1C55F901EB111A2004E877E /* Main.storyboard */ = {
			isa = PBXVariantGroup;
			children = (
				D1C55F911EB111A2004E877E /* Base */,
			);
			name = Main.storyboard;
			path = ProjectFitry;
			sourceTree = "<group>";
		};
		D1C55F981EB111A2004E877E /* LaunchScreen.storyboard */ = {
			isa = PBXVariantGroup;
			children = (
				D1C55F991EB111A2004E877E /* Base */,
			);
			name = LaunchScreen.storyboard;
			path = ProjectFitry;
			sourceTree = "<group>";
		};
/* End PBXVariantGroup section */

/* Begin XCBuildConfiguration section */
		D1C55FA71EB111A3004E877E /* Debug */ = {
			isa = XCBuildConfiguration;
			buildSettings = {
				ALWAYS_SEARCH_USER_PATHS = NO;
				CLANG_ANALYZER_NONNULL = YES;
				CLANG_ANALYZER_NUMBER_OBJECT_CONVERSION = YES_AGGRESSIVE;
				CLANG_CXX_LANGUAGE_STANDARD = "gnu++0x";
				CLANG_CXX_LIBRARY = "libc++";
				CLANG_ENABLE_MODULES = YES;
				CLANG_ENABLE_OBJC_ARC = YES;
				CLANG_WARN_BOOL_CONVERSION = YES;
				CLANG_WARN_CONSTANT_CONVERSION = YES;
				CLANG_WARN_DIRECT_OBJC_ISA_USAGE = YES_ERROR;
				CLANG_WARN_DOCUMENTATION_COMMENTS = YES;
				CLANG_WARN_EMPTY_BODY = YES;
				CLANG_WARN_ENUM_CONVERSION = YES;
				CLANG_WARN_INFINITE_RECURSION = YES;
				CLANG_WARN_INT_CONVERSION = YES;
				CLANG_WARN_OBJC_ROOT_CLASS = YES_ERROR;
				CLANG_WARN_SUSPICIOUS_MOVE = YES;
				CLANG_WARN_UNREACHABLE_CODE = YES;
				CLANG_WARN__DUPLICATE_METHOD_MATCH = YES;
				"CODE_SIGN_IDENTITY[sdk=iphoneos*]" = "iPhone Developer";
				COPY_PHASE_STRIP = NO;
				DEBUG_INFORMATION_FORMAT = dwarf;
				ENABLE_STRICT_OBJC_MSGSEND = YES;
				ENABLE_TESTABILITY = YES;
				GCC_C_LANGUAGE_STANDARD = gnu99;
				GCC_DYNAMIC_NO_PIC = NO;
				GCC_NO_COMMON_BLOCKS = YES;
				GCC_OPTIMIZATION_LEVEL = 0;
				GCC_PREPROCESSOR_DEFINITIONS = (
					"DEBUG=1",
					"$(inherited)",
				);
				GCC_WARN_64_TO_32_BIT_CONVERSION = YES;
				GCC_WARN_ABOUT_RETURN_TYPE = YES_ERROR;
				GCC_WARN_UNDECLARED_SELECTOR = YES;
				GCC_WARN_UNINITIALIZED_AUTOS = YES_AGGRESSIVE;
				GCC_WARN_UNUSED_FUNCTION = YES;
				GCC_WARN_UNUSED_VARIABLE = YES;
				IPHONEOS_DEPLOYMENT_TARGET = 10.3;
				MTL_ENABLE_DEBUG_INFO = YES;
				ONLY_ACTIVE_ARCH = YES;
				SDKROOT = iphoneos;
				SWIFT_ACTIVE_COMPILATION_CONDITIONS = DEBUG;
				SWIFT_OPTIMIZATION_LEVEL = "-Onone";
			};
			name = Debug;
		};
		D1C55FA81EB111A3004E877E /* Release */ = {
			isa = XCBuildConfiguration;
			buildSettings = {
				ALWAYS_SEARCH_USER_PATHS = NO;
				CLANG_ANALYZER_NONNULL = YES;
				CLANG_ANALYZER_NUMBER_OBJECT_CONVERSION = YES_AGGRESSIVE;
				CLANG_CXX_LANGUAGE_STANDARD = "gnu++0x";
				CLANG_CXX_LIBRARY = "libc++";
				CLANG_ENABLE_MODULES = YES;
				CLANG_ENABLE_OBJC_ARC = YES;
				CLANG_WARN_BOOL_CONVERSION = YES;
				CLANG_WARN_CONSTANT_CONVERSION = YES;
				CLANG_WARN_DIRECT_OBJC_ISA_USAGE = YES_ERROR;
				CLANG_WARN_DOCUMENTATION_COMMENTS = YES;
				CLANG_WARN_EMPTY_BODY = YES;
				CLANG_WARN_ENUM_CONVERSION = YES;
				CLANG_WARN_INFINITE_RECURSION = YES;
				CLANG_WARN_INT_CONVERSION = YES;
				CLANG_WARN_OBJC_ROOT_CLASS = YES_ERROR;
				CLANG_WARN_SUSPICIOUS_MOVE = YES;
				CLANG_WARN_UNREACHABLE_CODE = YES;
				CLANG_WARN__DUPLICATE_METHOD_MATCH = YES;
				"CODE_SIGN_IDENTITY[sdk=iphoneos*]" = "iPhone Developer";
				COPY_PHASE_STRIP = NO;
				DEBUG_INFORMATION_FORMAT = "dwarf-with-dsym";
				ENABLE_NS_ASSERTIONS = NO;
				ENABLE_STRICT_OBJC_MSGSEND = YES;
				GCC_C_LANGUAGE_STANDARD = gnu99;
				GCC_NO_COMMON_BLOCKS = YES;
				GCC_WARN_64_TO_32_BIT_CONVERSION = YES;
				GCC_WARN_ABOUT_RETURN_TYPE = YES_ERROR;
				GCC_WARN_UNDECLARED_SELECTOR = YES;
				GCC_WARN_UNINITIALIZED_AUTOS = YES_AGGRESSIVE;
				GCC_WARN_UNUSED_FUNCTION = YES;
				GCC_WARN_UNUSED_VARIABLE = YES;
				IPHONEOS_DEPLOYMENT_TARGET = 10.3;
				MTL_ENABLE_DEBUG_INFO = NO;
				SDKROOT = iphoneos;
				SWIFT_OPTIMIZATION_LEVEL = "-Owholemodule";
				VALIDATE_PRODUCT = YES;
			};
			name = Release;
		};
		D1C55FAA1EB111A3004E877E /* Debug */ = {
			isa = XCBuildConfiguration;
			buildSettings = {
				ASSETCATALOG_COMPILER_APPICON_NAME = AppIcon;
				DEVELOPMENT_TEAM = PF4WART96K;
				INFOPLIST_FILE = ProjectFitry/Info.plist;
				LD_RUNPATH_SEARCH_PATHS = "$(inherited) @executable_path/Frameworks";
				PRODUCT_BUNDLE_IDENTIFIER = a.bagirov.ProjectFitry;
				PRODUCT_NAME = "$(TARGET_NAME)";
				SWIFT_VERSION = 3.0;
			};
			name = Debug;
		};
		D1C55FAB1EB111A3004E877E /* Release */ = {
			isa = XCBuildConfiguration;
			buildSettings = {
				ASSETCATALOG_COMPILER_APPICON_NAME = AppIcon;
				DEVELOPMENT_TEAM = PF4WART96K;
				INFOPLIST_FILE = ProjectFitry/Info.plist;
				LD_RUNPATH_SEARCH_PATHS = "$(inherited) @executable_path/Frameworks";
				PRODUCT_BUNDLE_IDENTIFIER = a.bagirov.ProjectFitry;
				PRODUCT_NAME = "$(TARGET_NAME)";
				SWIFT_VERSION = 3.0;
			};
			name = Release;
		};
		D1C55FAD1EB111A3004E877E /* Debug */ = {
			isa = XCBuildConfiguration;
			buildSettings = {
				ALWAYS_EMBED_SWIFT_STANDARD_LIBRARIES = YES;
				BUNDLE_LOADER = "$(TEST_HOST)";
				DEVELOPMENT_TEAM = PF4WART96K;
				INFOPLIST_FILE = ProjectFitryTests/Info.plist;
				LD_RUNPATH_SEARCH_PATHS = "$(inherited) @executable_path/Frameworks @loader_path/Frameworks";
				PRODUCT_BUNDLE_IDENTIFIER = a.bagirov.ProjectFitryTests;
				PRODUCT_NAME = "$(TARGET_NAME)";
				SWIFT_VERSION = 3.0;
				TEST_HOST = "$(BUILT_PRODUCTS_DIR)/ProjectFitry.app/ProjectFitry";
			};
			name = Debug;
		};
		D1C55FAE1EB111A3004E877E /* Release */ = {
			isa = XCBuildConfiguration;
			buildSettings = {
				ALWAYS_EMBED_SWIFT_STANDARD_LIBRARIES = YES;
				BUNDLE_LOADER = "$(TEST_HOST)";
				DEVELOPMENT_TEAM = PF4WART96K;
				INFOPLIST_FILE = ProjectFitryTests/Info.plist;
				LD_RUNPATH_SEARCH_PATHS = "$(inherited) @executable_path/Frameworks @loader_path/Frameworks";
				PRODUCT_BUNDLE_IDENTIFIER = a.bagirov.ProjectFitryTests;
				PRODUCT_NAME = "$(TARGET_NAME)";
				SWIFT_VERSION = 3.0;
				TEST_HOST = "$(BUILT_PRODUCTS_DIR)/ProjectFitry.app/ProjectFitry";
			};
			name = Release;
		};
/* End XCBuildConfiguration section */

/* Begin XCConfigurationList section */
		D1C55F841EB111A2004E877E /* Build configuration list for PBXProject "ProjectFitry" */ = {
			isa = XCConfigurationList;
			buildConfigurations = (
				D1C55FA71EB111A3004E877E /* Debug */,
				D1C55FA81EB111A3004E877E /* Release */,
			);
			defaultConfigurationIsVisible = 0;
			defaultConfigurationName = Release;
		};
		D1C55FA91EB111A3004E877E /* Build configuration list for PBXNativeTarget "ProjectFitry" */ = {
			isa = XCConfigurationList;
			buildConfigurations = (
				D1C55FAA1EB111A3004E877E /* Debug */,
				D1C55FAB1EB111A3004E877E /* Release */,
			);
			defaultConfigurationIsVisible = 0;
			defaultConfigurationName = Release;
		};
		D1C55FAC1EB111A3004E877E /* Build configuration list for PBXNativeTarget "ProjectFitryTests" */ = {
			isa = XCConfigurationList;
			buildConfigurations = (
				D1C55FAD1EB111A3004E877E /* Debug */,
				D1C55FAE1EB111A3004E877E /* Release */,
			);
			defaultConfigurationIsVisible = 0;
			defaultConfigurationName = Release;
		};
/* End XCConfigurationList section */

/* Begin XCVersionGroup section */
		D1C55F931EB111A2004E877E /* ProjectFitry.xcdatamodeld */ = {
			isa = XCVersionGroup;
			children = (
				D1C55F941EB111A2004E877E /* ProjectFitry.xcdatamodel */,
			);
			currentVersion = D1C55F941EB111A2004E877E /* ProjectFitry.xcdatamodel */;
			name = ProjectFitry.xcdatamodeld;
			path = ProjectFitry/ProjectFitry.xcdatamodeld;
			sourceTree = "<group>";
			versionGroupType = wrapper.xcdatamodel;
		};
/* End XCVersionGroup section */
	};
	rootObject = D1C55F811EB111A2004E877E /* Project object */;
}
